
Microsoft Visual Studio Solution File, Format Version 12.00
# Visual Studio Version 17
VisualStudioVersion = 17.11.35312.102
MinimumVisualStudioVersion = 10.0.40219.1
Project("{9A19103F-16F7-4668-BE54-9A1E7A4F7556}") = "Opdracht_testing_steffvanweereld", "Opdracht_testing_steffvanweereld\Opdracht_testing_steffvanweereld.csproj", "{DAF7B298-92CC-4710-89E2-41884EFE2AE8}"
EndProject
Project("{9A19103F-16F7-4668-BE54-9A1E7A4F7556}") = "BudgetTrackerUnitTests", "BudgetTrackerUnitTests\BudgetTrackerUnitTests.csproj", "{BF6E23C7-127E-4B1D-97CC-200C6491BF53}"
EndProject
Project("{9A19103F-16F7-4668-BE54-9A1E7A4F7556}") = "BudgetTrackerIntegrationTests", "BudgetTrackerIntegrationTests\BudgetTrackerIntegrationTests.csproj", "{E9FE9E0B-44C2-462A-AA3B-371D8C516B8D}"
EndProject
Project("{FAE04EC0-301F-11D3-BF4B-00C04F79EFBC}") = "BudgetTrackerAcceptanceTests", "BudgetTrackerAcceptanceTests\BudgetTrackerAcceptanceTests.csproj", "{7B434946-D1DD-4386-84D9-126DEF14219E}"
EndProject
Global
	GlobalSection(SolutionConfigurationPlatforms) = preSolution
		Debug|Any CPU = Debug|Any CPU
		Release|Any CPU = Release|Any CPU
	EndGlobalSection
	GlobalSection(ProjectConfigurationPlatforms) = postSolution
		{DAF7B298-92CC-4710-89E2-41884EFE2AE8}.Debug|Any CPU.ActiveCfg = Debug|Any CPU
		{DAF7B298-92CC-4710-89E2-41884EFE2AE8}.Debug|Any CPU.Build.0 = Debug|Any CPU
		{DAF7B298-92CC-4710-89E2-41884EFE2AE8}.Release|Any CPU.ActiveCfg = Release|Any CPU
		{DAF7B298-92CC-4710-89E2-41884EFE2AE8}.Release|Any CPU.Build.0 = Release|Any CPU
		{BF6E23C7-127E-4B1D-97CC-200C6491BF53}.Debug|Any CPU.ActiveCfg = Debug|Any CPU
		{BF6E23C7-127E-4B1D-97CC-200C6491BF53}.Debug|Any CPU.Build.0 = Debug|Any CPU
		{BF6E23C7-127E-4B1D-97CC-200C6491BF53}.Release|Any CPU.ActiveCfg = Release|Any CPU
		{BF6E23C7-127E-4B1D-97CC-200C6491BF53}.Release|Any CPU.Build.0 = Release|Any CPU
		{E9FE9E0B-44C2-462A-AA3B-371D8C516B8D}.Debug|Any CPU.ActiveCfg = Debug|Any CPU
		{E9FE9E0B-44C2-462A-AA3B-371D8C516B8D}.Debug|Any CPU.Build.0 = Debug|Any CPU
		{E9FE9E0B-44C2-462A-AA3B-371D8C516B8D}.Release|Any CPU.ActiveCfg = Release|Any CPU
		{E9FE9E0B-44C2-462A-AA3B-371D8C516B8D}.Release|Any CPU.Build.0 = Release|Any CPU
		{7B434946-D1DD-4386-84D9-126DEF14219E}.Debug|Any CPU.ActiveCfg = Debug|Any CPU
		{7B434946-D1DD-4386-84D9-126DEF14219E}.Debug|Any CPU.Build.0 = Debug|Any CPU
		{7B434946-D1DD-4386-84D9-126DEF14219E}.Release|Any CPU.ActiveCfg = Release|Any CPU
		{7B434946-D1DD-4386-84D9-126DEF14219E}.Release|Any CPU.Build.0 = Release|Any CPU
	EndGlobalSection
	GlobalSection(SolutionProperties) = preSolution
		HideSolutionNode = FALSE
	EndGlobalSection
	GlobalSection(ExtensibilityGlobals) = postSolution
		SolutionGuid = {D4A382C8-9A69-41ED-AB77-DF19C6E87447}
	EndGlobalSection
EndGlobal
